
Microsoft Visual Studio Solution File, Format Version 12.00
# Visual Studio Version 17
VisualStudioVersion = 17.0.31903.59
MinimumVisualStudioVersion = 10.0.40219.1
Project("{FAE04EC0-301F-11D3-BF4B-00C04F79EFBC}") = "PortalREST", "PortalREST\PortalREST.csproj", "{66099523-C6F8-4E28-AD78-D84AC171D309}"
EndProject
Global
	GlobalSection(SolutionConfigurationPlatforms) = preSolution
		Debug|Any CPU = Debug|Any CPU
		Release|Any CPU = Release|Any CPU
	EndGlobalSection
	GlobalSection(ProjectConfigurationPlatforms) = postSolution
		{66099523-C6F8-4E28-AD78-D84AC171D309}.Debug|Any CPU.ActiveCfg = Debug|Any CPU
		{66099523-C6F8-4E28-AD78-D84AC171D309}.Debug|Any CPU.Build.0 = Debug|Any CPU
		{66099523-C6F8-4E28-AD78-D84AC171D309}.Release|Any CPU.ActiveCfg = Release|Any CPU
		{66099523-C6F8-4E28-AD78-D84AC171D309}.Release|Any CPU.Build.0 = Release|Any CPU
	EndGlobalSection
	GlobalSection(SolutionProperties) = preSolution
		HideSolutionNode = FALSE
	EndGlobalSection
	GlobalSection(ExtensibilityGlobals) = postSolution
		SolutionGuid = {4FBEF4FA-AE30-4484-B931-16361DA64E3C}
	EndGlobalSection
EndGlobal
